
Microsoft Visual Studio Solution File, Format Version 12.00
# Visual Studio Version 17
VisualStudioVersion = 17.6.33829.357
MinimumVisualStudioVersion = 10.0.40219.1
Project("{FAE04EC0-301F-11D3-BF4B-00C04F79EFBC}") = "StudyingMethod3", "StudyingMethod3\StudyingMethod3.csproj", "{2B9FE04B-8AAB-4FD0-92A2-773A1879ACF5}"
EndProject
Global
	GlobalSection(SolutionConfigurationPlatforms) = preSolution
		Debug|Any CPU = Debug|Any CPU
		Release|Any CPU = Release|Any CPU
	EndGlobalSection
	GlobalSection(ProjectConfigurationPlatforms) = postSolution
		{2B9FE04B-8AAB-4FD0-92A2-773A1879ACF5}.Debug|Any CPU.ActiveCfg = Debug|Any CPU
		{2B9FE04B-8AAB-4FD0-92A2-773A1879ACF5}.Debug|Any CPU.Build.0 = Debug|Any CPU
		{2B9FE04B-8AAB-4FD0-92A2-773A1879ACF5}.Release|Any CPU.ActiveCfg = Release|Any CPU
		{2B9FE04B-8AAB-4FD0-92A2-773A1879ACF5}.Release|Any CPU.Build.0 = Release|Any CPU
	EndGlobalSection
	GlobalSection(SolutionProperties) = preSolution
		HideSolutionNode = FALSE
	EndGlobalSection
	GlobalSection(ExtensibilityGlobals) = postSolution
		SolutionGuid = {6058D459-461D-4143-9732-42E01D3FF9A6}
	EndGlobalSection
EndGlobal
